// !$*UTF8*$!
{
	archiveVersion = 1;
	classes = {
	};
	objectVersion = 56;
	objects = {

/* Begin PBXBuildFile section */
		AF3DFA342C238FF6009D903C /* ReceiptListPresenter.swift in Sources */ = {isa = PBXBuildFile; fileRef = AF3DFA2E2C238FF6009D903C /* ReceiptListPresenter.swift */; };
		AF3DFA352C238FF6009D903C /* ReceiptListWorker.swift in Sources */ = {isa = PBXBuildFile; fileRef = AF3DFA2F2C238FF6009D903C /* ReceiptListWorker.swift */; };
		AF3DFA362C238FF6009D903C /* ReceiptListRouter.swift in Sources */ = {isa = PBXBuildFile; fileRef = AF3DFA302C238FF6009D903C /* ReceiptListRouter.swift */; };
		AF3DFA372C238FF6009D903C /* ReceiptListModels.swift in Sources */ = {isa = PBXBuildFile; fileRef = AF3DFA312C238FF6009D903C /* ReceiptListModels.swift */; };
		AF3DFA382C238FF6009D903C /* ReceiptListViewController.swift in Sources */ = {isa = PBXBuildFile; fileRef = AF3DFA322C238FF6009D903C /* ReceiptListViewController.swift */; };
		AF3DFA392C238FF6009D903C /* ReceiptListInteractor.swift in Sources */ = {isa = PBXBuildFile; fileRef = AF3DFA332C238FF6009D903C /* ReceiptListInteractor.swift */; };
		AF3DFA402C239004009D903C /* ReceiptDetailPresenter.swift in Sources */ = {isa = PBXBuildFile; fileRef = AF3DFA3A2C239004009D903C /* ReceiptDetailPresenter.swift */; };
		AF3DFA432C239004009D903C /* ReceiptDetailModels.swift in Sources */ = {isa = PBXBuildFile; fileRef = AF3DFA3D2C239004009D903C /* ReceiptDetailModels.swift */; };
		AF3DFA442C239004009D903C /* ReceiptDetailViewController.swift in Sources */ = {isa = PBXBuildFile; fileRef = AF3DFA3E2C239004009D903C /* ReceiptDetailViewController.swift */; };
		AF3DFA452C239004009D903C /* ReceiptDetailInteractor.swift in Sources */ = {isa = PBXBuildFile; fileRef = AF3DFA3F2C239004009D903C /* ReceiptDetailInteractor.swift */; };
		AF3DFA492C2394EA009D903C /* ViewCode.swift in Sources */ = {isa = PBXBuildFile; fileRef = AF3DFA482C2394EA009D903C /* ViewCode.swift */; };
		AF3DFA4B2C23951C009D903C /* ReceiptListView.swift in Sources */ = {isa = PBXBuildFile; fileRef = AF3DFA4A2C23951C009D903C /* ReceiptListView.swift */; };
		AF3DFA4E2C2396E9009D903C /* ReceiptCellTableViewCell.swift in Sources */ = {isa = PBXBuildFile; fileRef = AF3DFA4D2C2396E9009D903C /* ReceiptCellTableViewCell.swift */; };
		AF70C7F42C24B69900BA54EC /* ReceiptEntity.swift in Sources */ = {isa = PBXBuildFile; fileRef = AF70C7F32C24B69900BA54EC /* ReceiptEntity.swift */; };
		AF70C7F62C24B6B400BA54EC /* Pagination.swift in Sources */ = {isa = PBXBuildFile; fileRef = AF70C7F52C24B6B400BA54EC /* Pagination.swift */; };
		AF70C7F92C24CF8F00BA54EC /* comprovantes.json in Resources */ = {isa = PBXBuildFile; fileRef = AF70C7F82C24CF8F00BA54EC /* comprovantes.json */; };
		AF70C7FB2C24E1A100BA54EC /* ReceiptDetailView.swift in Sources */ = {isa = PBXBuildFile; fileRef = AF70C7FA2C24E1A100BA54EC /* ReceiptDetailView.swift */; };
		AF70C8022C25271A00BA54EC /* Localizable.strings in Resources */ = {isa = PBXBuildFile; fileRef = AF70C8012C25271A00BA54EC /* Localizable.strings */; };
		AF70C8062C25AD0D00BA54EC /* LocalizableStrings.swift in Sources */ = {isa = PBXBuildFile; fileRef = AF70C8052C25AD0D00BA54EC /* LocalizableStrings.swift */; };
		AF70C80C2C25B17000BA54EC /* Padding.swift in Sources */ = {isa = PBXBuildFile; fileRef = AF70C80B2C25B17000BA54EC /* Padding.swift */; };
		AF70C8112C25C1F400BA54EC /* ReceiptListWorkerSpy.swift in Sources */ = {isa = PBXBuildFile; fileRef = AF70C8102C25C1F400BA54EC /* ReceiptListWorkerSpy.swift */; };
		AF70C8132C25C31000BA54EC /* ReceiptListPresenterSpy.swift in Sources */ = {isa = PBXBuildFile; fileRef = AF70C8122C25C31000BA54EC /* ReceiptListPresenterSpy.swift */; };
		AF70C8152C25C49400BA54EC /* ReceiptListRouterSpy.swift in Sources */ = {isa = PBXBuildFile; fileRef = AF70C8142C25C49400BA54EC /* ReceiptListRouterSpy.swift */; };
		AF70C8172C25C70100BA54EC /* ReceiptListInteractorSpy.swift in Sources */ = {isa = PBXBuildFile; fileRef = AF70C8162C25C70100BA54EC /* ReceiptListInteractorSpy.swift */; };
		AF70C81B2C25C99E00BA54EC /* ReceiptListViewControllerTests.swift in Sources */ = {isa = PBXBuildFile; fileRef = AF70C81A2C25C99E00BA54EC /* ReceiptListViewControllerTests.swift */; };
		AF70C81D2C25D3E500BA54EC /* ReceiptListPresenterTests.swift in Sources */ = {isa = PBXBuildFile; fileRef = AF70C81C2C25D3E500BA54EC /* ReceiptListPresenterTests.swift */; };
		AF70C8332C25DB8400BA54EC /* ReceiptListViewControllerSpy.swift in Sources */ = {isa = PBXBuildFile; fileRef = AF70C8322C25DB8400BA54EC /* ReceiptListViewControllerSpy.swift */; };
		AF70C8382C25E59200BA54EC /* ReceiptListInteractorTests.swift in Sources */ = {isa = PBXBuildFile; fileRef = AF70C8372C25E59200BA54EC /* ReceiptListInteractorTests.swift */; };
		AF70C83A2C25EE3B00BA54EC /* ReceiptListRouterTests.swift in Sources */ = {isa = PBXBuildFile; fileRef = AF70C8392C25EE3B00BA54EC /* ReceiptListRouterTests.swift */; };
		AF70C83C2C25F53E00BA54EC /* NavigationControllerSpy.swift in Sources */ = {isa = PBXBuildFile; fileRef = AF70C83B2C25F53E00BA54EC /* NavigationControllerSpy.swift */; };
		AF70C83F2C25FAD500BA54EC /* ReceiptDetailPresenterSpy.swift in Sources */ = {isa = PBXBuildFile; fileRef = AF70C83E2C25FAD500BA54EC /* ReceiptDetailPresenterSpy.swift */; };
		AF70C8452C25FAF100BA54EC /* ReceiptDetailInteractorSpy.swift in Sources */ = {isa = PBXBuildFile; fileRef = AF70C8442C25FAF100BA54EC /* ReceiptDetailInteractorSpy.swift */; };
		AF70C8472C25FB0000BA54EC /* ReceiptDetailViewControllerSpy.swift in Sources */ = {isa = PBXBuildFile; fileRef = AF70C8462C25FB0000BA54EC /* ReceiptDetailViewControllerSpy.swift */; };
		AF70C8492C25FD0200BA54EC /* ReceiptDetailRouter.swift in Sources */ = {isa = PBXBuildFile; fileRef = AF70C8482C25FD0200BA54EC /* ReceiptDetailRouter.swift */; };
		AF70C84B2C25FFE700BA54EC /* ReceiptDetailViewControllerTests.swift in Sources */ = {isa = PBXBuildFile; fileRef = AF70C84A2C25FFE700BA54EC /* ReceiptDetailViewControllerTests.swift */; };
		AF70C84D2C25FFF900BA54EC /* ReceiptDetailPresenterTests.swift in Sources */ = {isa = PBXBuildFile; fileRef = AF70C84C2C25FFF900BA54EC /* ReceiptDetailPresenterTests.swift */; };
		AF70C84F2C26000200BA54EC /* ReceiptDetailInteractorTests.swift in Sources */ = {isa = PBXBuildFile; fileRef = AF70C84E2C26000200BA54EC /* ReceiptDetailInteractorTests.swift */; };
		AF70C8512C26079500BA54EC /* ReceiptDetailViewSpy.swift in Sources */ = {isa = PBXBuildFile; fileRef = AF70C8502C26079500BA54EC /* ReceiptDetailViewSpy.swift */; };
		AF81F2312C238DEA00E35765 /* AppDelegate.swift in Sources */ = {isa = PBXBuildFile; fileRef = AF81F2302C238DEA00E35765 /* AppDelegate.swift */; };
		AF81F2332C238DEA00E35765 /* SceneDelegate.swift in Sources */ = {isa = PBXBuildFile; fileRef = AF81F2322C238DEA00E35765 /* SceneDelegate.swift */; };
		AF81F23A2C238DEA00E35765 /* Assets.xcassets in Resources */ = {isa = PBXBuildFile; fileRef = AF81F2392C238DEA00E35765 /* Assets.xcassets */; };
		AF81F23D2C238DEA00E35765 /* LaunchScreen.storyboard in Resources */ = {isa = PBXBuildFile; fileRef = AF81F23B2C238DEA00E35765 /* LaunchScreen.storyboard */; };
		AF81F2522C238DEB00E35765 /* ItauChallengeUITests.swift in Sources */ = {isa = PBXBuildFile; fileRef = AF81F2512C238DEB00E35765 /* ItauChallengeUITests.swift */; };
		AF81F2542C238DEB00E35765 /* ItauChallengeUITestsLaunchTests.swift in Sources */ = {isa = PBXBuildFile; fileRef = AF81F2532C238DEB00E35765 /* ItauChallengeUITestsLaunchTests.swift */; };
/* End PBXBuildFile section */

/* Begin PBXContainerItemProxy section */
		AF81F2442C238DEB00E35765 /* PBXContainerItemProxy */ = {
			isa = PBXContainerItemProxy;
			containerPortal = AF81F2252C238DEA00E35765 /* Project object */;
			proxyType = 1;
			remoteGlobalIDString = AF81F22C2C238DEA00E35765;
			remoteInfo = ItauChallenge;
		};
		AF81F24E2C238DEB00E35765 /* PBXContainerItemProxy */ = {
			isa = PBXContainerItemProxy;
			containerPortal = AF81F2252C238DEA00E35765 /* Project object */;
			proxyType = 1;
			remoteGlobalIDString = AF81F22C2C238DEA00E35765;
			remoteInfo = ItauChallenge;
		};
/* End PBXContainerItemProxy section */

/* Begin PBXFileReference section */
		AF3DFA2E2C238FF6009D903C /* ReceiptListPresenter.swift */ = {isa = PBXFileReference; lastKnownFileType = sourcecode.swift; path = ReceiptListPresenter.swift; sourceTree = "<group>"; };
		AF3DFA2F2C238FF6009D903C /* ReceiptListWorker.swift */ = {isa = PBXFileReference; lastKnownFileType = sourcecode.swift; path = ReceiptListWorker.swift; sourceTree = "<group>"; };
		AF3DFA302C238FF6009D903C /* ReceiptListRouter.swift */ = {isa = PBXFileReference; lastKnownFileType = sourcecode.swift; path = ReceiptListRouter.swift; sourceTree = "<group>"; };
		AF3DFA312C238FF6009D903C /* ReceiptListModels.swift */ = {isa = PBXFileReference; lastKnownFileType = sourcecode.swift; path = ReceiptListModels.swift; sourceTree = "<group>"; };
		AF3DFA322C238FF6009D903C /* ReceiptListViewController.swift */ = {isa = PBXFileReference; lastKnownFileType = sourcecode.swift; path = ReceiptListViewController.swift; sourceTree = "<group>"; };
		AF3DFA332C238FF6009D903C /* ReceiptListInteractor.swift */ = {isa = PBXFileReference; lastKnownFileType = sourcecode.swift; path = ReceiptListInteractor.swift; sourceTree = "<group>"; };
		AF3DFA3A2C239004009D903C /* ReceiptDetailPresenter.swift */ = {isa = PBXFileReference; lastKnownFileType = sourcecode.swift; path = ReceiptDetailPresenter.swift; sourceTree = "<group>"; };
		AF3DFA3D2C239004009D903C /* ReceiptDetailModels.swift */ = {isa = PBXFileReference; lastKnownFileType = sourcecode.swift; path = ReceiptDetailModels.swift; sourceTree = "<group>"; };
		AF3DFA3E2C239004009D903C /* ReceiptDetailViewController.swift */ = {isa = PBXFileReference; lastKnownFileType = sourcecode.swift; path = ReceiptDetailViewController.swift; sourceTree = "<group>"; };
		AF3DFA3F2C239004009D903C /* ReceiptDetailInteractor.swift */ = {isa = PBXFileReference; lastKnownFileType = sourcecode.swift; path = ReceiptDetailInteractor.swift; sourceTree = "<group>"; };
		AF3DFA482C2394EA009D903C /* ViewCode.swift */ = {isa = PBXFileReference; lastKnownFileType = sourcecode.swift; path = ViewCode.swift; sourceTree = "<group>"; };
		AF3DFA4A2C23951C009D903C /* ReceiptListView.swift */ = {isa = PBXFileReference; lastKnownFileType = sourcecode.swift; path = ReceiptListView.swift; sourceTree = "<group>"; };
		AF3DFA4D2C2396E9009D903C /* ReceiptCellTableViewCell.swift */ = {isa = PBXFileReference; lastKnownFileType = sourcecode.swift; path = ReceiptCellTableViewCell.swift; sourceTree = "<group>"; };
		AF70C7F32C24B69900BA54EC /* ReceiptEntity.swift */ = {isa = PBXFileReference; lastKnownFileType = sourcecode.swift; path = ReceiptEntity.swift; sourceTree = "<group>"; };
		AF70C7F52C24B6B400BA54EC /* Pagination.swift */ = {isa = PBXFileReference; lastKnownFileType = sourcecode.swift; path = Pagination.swift; sourceTree = "<group>"; };
		AF70C7F82C24CF8F00BA54EC /* comprovantes.json */ = {isa = PBXFileReference; fileEncoding = 4; lastKnownFileType = text.json; path = comprovantes.json; sourceTree = "<group>"; };
		AF70C7FA2C24E1A100BA54EC /* ReceiptDetailView.swift */ = {isa = PBXFileReference; lastKnownFileType = sourcecode.swift; path = ReceiptDetailView.swift; sourceTree = "<group>"; };
		AF70C8012C25271A00BA54EC /* Localizable.strings */ = {isa = PBXFileReference; lastKnownFileType = text.plist.strings; path = Localizable.strings; sourceTree = "<group>"; };
		AF70C8052C25AD0D00BA54EC /* LocalizableStrings.swift */ = {isa = PBXFileReference; lastKnownFileType = sourcecode.swift; path = LocalizableStrings.swift; sourceTree = "<group>"; };
		AF70C80B2C25B17000BA54EC /* Padding.swift */ = {isa = PBXFileReference; lastKnownFileType = sourcecode.swift; path = Padding.swift; sourceTree = "<group>"; };
		AF70C8102C25C1F400BA54EC /* ReceiptListWorkerSpy.swift */ = {isa = PBXFileReference; lastKnownFileType = sourcecode.swift; path = ReceiptListWorkerSpy.swift; sourceTree = "<group>"; };
		AF70C8122C25C31000BA54EC /* ReceiptListPresenterSpy.swift */ = {isa = PBXFileReference; lastKnownFileType = sourcecode.swift; path = ReceiptListPresenterSpy.swift; sourceTree = "<group>"; };
		AF70C8142C25C49400BA54EC /* ReceiptListRouterSpy.swift */ = {isa = PBXFileReference; lastKnownFileType = sourcecode.swift; path = ReceiptListRouterSpy.swift; sourceTree = "<group>"; };
		AF70C8162C25C70100BA54EC /* ReceiptListInteractorSpy.swift */ = {isa = PBXFileReference; lastKnownFileType = sourcecode.swift; path = ReceiptListInteractorSpy.swift; sourceTree = "<group>"; };
		AF70C81A2C25C99E00BA54EC /* ReceiptListViewControllerTests.swift */ = {isa = PBXFileReference; lastKnownFileType = sourcecode.swift; path = ReceiptListViewControllerTests.swift; sourceTree = "<group>"; };
		AF70C81C2C25D3E500BA54EC /* ReceiptListPresenterTests.swift */ = {isa = PBXFileReference; lastKnownFileType = sourcecode.swift; path = ReceiptListPresenterTests.swift; sourceTree = "<group>"; };
		AF70C8322C25DB8400BA54EC /* ReceiptListViewControllerSpy.swift */ = {isa = PBXFileReference; lastKnownFileType = sourcecode.swift; path = ReceiptListViewControllerSpy.swift; sourceTree = "<group>"; };
		AF70C8372C25E59200BA54EC /* ReceiptListInteractorTests.swift */ = {isa = PBXFileReference; lastKnownFileType = sourcecode.swift; path = ReceiptListInteractorTests.swift; sourceTree = "<group>"; };
		AF70C8392C25EE3B00BA54EC /* ReceiptListRouterTests.swift */ = {isa = PBXFileReference; lastKnownFileType = sourcecode.swift; path = ReceiptListRouterTests.swift; sourceTree = "<group>"; };
		AF70C83B2C25F53E00BA54EC /* NavigationControllerSpy.swift */ = {isa = PBXFileReference; lastKnownFileType = sourcecode.swift; path = NavigationControllerSpy.swift; sourceTree = "<group>"; };
		AF70C83E2C25FAD500BA54EC /* ReceiptDetailPresenterSpy.swift */ = {isa = PBXFileReference; lastKnownFileType = sourcecode.swift; path = ReceiptDetailPresenterSpy.swift; sourceTree = "<group>"; };
		AF70C8442C25FAF100BA54EC /* ReceiptDetailInteractorSpy.swift */ = {isa = PBXFileReference; lastKnownFileType = sourcecode.swift; path = ReceiptDetailInteractorSpy.swift; sourceTree = "<group>"; };
		AF70C8462C25FB0000BA54EC /* ReceiptDetailViewControllerSpy.swift */ = {isa = PBXFileReference; lastKnownFileType = sourcecode.swift; path = ReceiptDetailViewControllerSpy.swift; sourceTree = "<group>"; };
		AF70C8482C25FD0200BA54EC /* ReceiptDetailRouter.swift */ = {isa = PBXFileReference; fileEncoding = 4; lastKnownFileType = sourcecode.swift; path = ReceiptDetailRouter.swift; sourceTree = "<group>"; };
		AF70C84A2C25FFE700BA54EC /* ReceiptDetailViewControllerTests.swift */ = {isa = PBXFileReference; lastKnownFileType = sourcecode.swift; path = ReceiptDetailViewControllerTests.swift; sourceTree = "<group>"; };
		AF70C84C2C25FFF900BA54EC /* ReceiptDetailPresenterTests.swift */ = {isa = PBXFileReference; lastKnownFileType = sourcecode.swift; path = ReceiptDetailPresenterTests.swift; sourceTree = "<group>"; };
		AF70C84E2C26000200BA54EC /* ReceiptDetailInteractorTests.swift */ = {isa = PBXFileReference; lastKnownFileType = sourcecode.swift; path = ReceiptDetailInteractorTests.swift; sourceTree = "<group>"; };
		AF70C8502C26079500BA54EC /* ReceiptDetailViewSpy.swift */ = {isa = PBXFileReference; lastKnownFileType = sourcecode.swift; path = ReceiptDetailViewSpy.swift; sourceTree = "<group>"; };
		AF81F22D2C238DEA00E35765 /* ItauChallenge.app */ = {isa = PBXFileReference; explicitFileType = wrapper.application; includeInIndex = 0; path = ItauChallenge.app; sourceTree = BUILT_PRODUCTS_DIR; };
		AF81F2302C238DEA00E35765 /* AppDelegate.swift */ = {isa = PBXFileReference; lastKnownFileType = sourcecode.swift; path = AppDelegate.swift; sourceTree = "<group>"; };
		AF81F2322C238DEA00E35765 /* SceneDelegate.swift */ = {isa = PBXFileReference; lastKnownFileType = sourcecode.swift; path = SceneDelegate.swift; sourceTree = "<group>"; };
		AF81F2392C238DEA00E35765 /* Assets.xcassets */ = {isa = PBXFileReference; lastKnownFileType = folder.assetcatalog; path = Assets.xcassets; sourceTree = "<group>"; };
		AF81F23C2C238DEA00E35765 /* Base */ = {isa = PBXFileReference; lastKnownFileType = file.storyboard; name = Base; path = Base.lproj/LaunchScreen.storyboard; sourceTree = "<group>"; };
		AF81F23E2C238DEA00E35765 /* Info.plist */ = {isa = PBXFileReference; lastKnownFileType = text.plist.xml; path = Info.plist; sourceTree = "<group>"; };
		AF81F2432C238DEB00E35765 /* ItauChallengeTests.xctest */ = {isa = PBXFileReference; explicitFileType = wrapper.cfbundle; includeInIndex = 0; path = ItauChallengeTests.xctest; sourceTree = BUILT_PRODUCTS_DIR; };
		AF81F24D2C238DEB00E35765 /* ItauChallengeUITests.xctest */ = {isa = PBXFileReference; explicitFileType = wrapper.cfbundle; includeInIndex = 0; path = ItauChallengeUITests.xctest; sourceTree = BUILT_PRODUCTS_DIR; };
		AF81F2512C238DEB00E35765 /* ItauChallengeUITests.swift */ = {isa = PBXFileReference; lastKnownFileType = sourcecode.swift; path = ItauChallengeUITests.swift; sourceTree = "<group>"; };
		AF81F2532C238DEB00E35765 /* ItauChallengeUITestsLaunchTests.swift */ = {isa = PBXFileReference; lastKnownFileType = sourcecode.swift; path = ItauChallengeUITestsLaunchTests.swift; sourceTree = "<group>"; };
/* End PBXFileReference section */

/* Begin PBXFrameworksBuildPhase section */
		AF81F22A2C238DEA00E35765 /* Frameworks */ = {
			isa = PBXFrameworksBuildPhase;
			buildActionMask = 2147483647;
			files = (
			);
			runOnlyForDeploymentPostprocessing = 0;
		};
		AF81F2402C238DEB00E35765 /* Frameworks */ = {
			isa = PBXFrameworksBuildPhase;
			buildActionMask = 2147483647;
			files = (
			);
			runOnlyForDeploymentPostprocessing = 0;
		};
		AF81F24A2C238DEB00E35765 /* Frameworks */ = {
			isa = PBXFrameworksBuildPhase;
			buildActionMask = 2147483647;
			files = (
			);
			runOnlyForDeploymentPostprocessing = 0;
		};
/* End PBXFrameworksBuildPhase section */

/* Begin PBXGroup section */
		AF3DFA462C239364009D903C /* Protocol */ = {
			isa = PBXGroup;
			children = (
				AF3DFA472C2394DA009D903C /* ViewCode */,
			);
			path = Protocol;
			sourceTree = "<group>";
		};
		AF3DFA472C2394DA009D903C /* ViewCode */ = {
			isa = PBXGroup;
			children = (
				AF3DFA482C2394EA009D903C /* ViewCode.swift */,
			);
			path = ViewCode;
			sourceTree = "<group>";
		};
		AF3DFA4C2C2396B3009D903C /* Cell */ = {
			isa = PBXGroup;
			children = (
				AF3DFA4D2C2396E9009D903C /* ReceiptCellTableViewCell.swift */,
			);
			path = Cell;
			sourceTree = "<group>";
		};
		AF70C7F22C24B66900BA54EC /* Model */ = {
			isa = PBXGroup;
			children = (
				AF70C7F32C24B69900BA54EC /* ReceiptEntity.swift */,
				AF70C7F52C24B6B400BA54EC /* Pagination.swift */,
			);
			path = Model;
			sourceTree = "<group>";
		};
		AF70C7F72C24CF8100BA54EC /* Mock */ = {
			isa = PBXGroup;
			children = (
				AF70C7F82C24CF8F00BA54EC /* comprovantes.json */,
			);
			path = Mock;
			sourceTree = "<group>";
		};
		AF70C7FC2C2525C500BA54EC /* Resources */ = {
			isa = PBXGroup;
			children = (
				AF70C8012C25271A00BA54EC /* Localizable.strings */,
			);
			path = Resources;
			sourceTree = "<group>";
		};
		AF70C8032C25ACF200BA54EC /* Helper */ = {
			isa = PBXGroup;
			children = (
				AF70C80A2C25B13200BA54EC /* Constants */,
				AF70C8042C25ACFB00BA54EC /* Localizable */,
			);
			path = Helper;
			sourceTree = "<group>";
		};
		AF70C8042C25ACFB00BA54EC /* Localizable */ = {
			isa = PBXGroup;
			children = (
				AF70C8052C25AD0D00BA54EC /* LocalizableStrings.swift */,
			);
			path = Localizable;
			sourceTree = "<group>";
		};
		AF70C80A2C25B13200BA54EC /* Constants */ = {
			isa = PBXGroup;
			children = (
				AF70C80B2C25B17000BA54EC /* Padding.swift */,
			);
			path = Constants;
			sourceTree = "<group>";
		};
		AF70C80F2C25C1DE00BA54EC /* Spy */ = {
			isa = PBXGroup;
			children = (
				AF70C8122C25C31000BA54EC /* ReceiptListPresenterSpy.swift */,
				AF70C8102C25C1F400BA54EC /* ReceiptListWorkerSpy.swift */,
				AF70C8142C25C49400BA54EC /* ReceiptListRouterSpy.swift */,
				AF70C8162C25C70100BA54EC /* ReceiptListInteractorSpy.swift */,
				AF70C8322C25DB8400BA54EC /* ReceiptListViewControllerSpy.swift */,
				AF70C83B2C25F53E00BA54EC /* NavigationControllerSpy.swift */,
			);
			path = Spy;
			sourceTree = "<group>";
		};
		AF70C8182C25C8AD00BA54EC /* ReceiptList */ = {
			isa = PBXGroup;
			children = (
				AF70C80F2C25C1DE00BA54EC /* Spy */,
				AF70C81A2C25C99E00BA54EC /* ReceiptListViewControllerTests.swift */,
				AF70C81C2C25D3E500BA54EC /* ReceiptListPresenterTests.swift */,
				AF70C8372C25E59200BA54EC /* ReceiptListInteractorTests.swift */,
				AF70C8392C25EE3B00BA54EC /* ReceiptListRouterTests.swift */,
			);
			path = ReceiptList;
			sourceTree = "<group>";
		};
		AF70C8192C25C8C700BA54EC /* ReceiptDetail */ = {
			isa = PBXGroup;
			children = (
				AF70C83D2C25FAAA00BA54EC /* Spy */,
				AF70C84A2C25FFE700BA54EC /* ReceiptDetailViewControllerTests.swift */,
				AF70C84C2C25FFF900BA54EC /* ReceiptDetailPresenterTests.swift */,
				AF70C84E2C26000200BA54EC /* ReceiptDetailInteractorTests.swift */,
			);
			path = ReceiptDetail;
			sourceTree = "<group>";
		};
		AF70C83D2C25FAAA00BA54EC /* Spy */ = {
			isa = PBXGroup;
			children = (
				AF70C83E2C25FAD500BA54EC /* ReceiptDetailPresenterSpy.swift */,
				AF70C8442C25FAF100BA54EC /* ReceiptDetailInteractorSpy.swift */,
				AF70C8462C25FB0000BA54EC /* ReceiptDetailViewControllerSpy.swift */,
				AF70C8502C26079500BA54EC /* ReceiptDetailViewSpy.swift */,
			);
			path = Spy;
			sourceTree = "<group>";
		};
		AF81F2242C238DEA00E35765 = {
			isa = PBXGroup;
			children = (
				AF81F22F2C238DEA00E35765 /* ItauChallenge */,
				AF81F23B2C238DEA00E35765 /* LaunchScreen.storyboard */,
				AF81F2462C238DEB00E35765 /* ItauChallengeTests */,
				AF81F2502C238DEB00E35765 /* ItauChallengeUITests */,
				AF81F22E2C238DEA00E35765 /* Products */,
			);
			sourceTree = "<group>";
		};
		AF81F22E2C238DEA00E35765 /* Products */ = {
			isa = PBXGroup;
			children = (
				AF81F22D2C238DEA00E35765 /* ItauChallenge.app */,
				AF81F2432C238DEB00E35765 /* ItauChallengeTests.xctest */,
				AF81F24D2C238DEB00E35765 /* ItauChallengeUITests.xctest */,
			);
			name = Products;
			sourceTree = "<group>";
		};
		AF81F22F2C238DEA00E35765 /* ItauChallenge */ = {
			isa = PBXGroup;
			children = (
				AF81F2302C238DEA00E35765 /* AppDelegate.swift */,
				AF81F2392C238DEA00E35765 /* Assets.xcassets */,
				AF70C8032C25ACF200BA54EC /* Helper */,
				AF81F23E2C238DEA00E35765 /* Info.plist */,
				AF70C7F72C24CF8100BA54EC /* Mock */,
				AF70C7F22C24B66900BA54EC /* Model */,
				AF3DFA462C239364009D903C /* Protocol */,
				AF70C7FC2C2525C500BA54EC /* Resources */,
				AF81F2622C238E7300E35765 /* Scene */,
				AF81F2322C238DEA00E35765 /* SceneDelegate.swift */,
			);
			path = ItauChallenge;
			sourceTree = "<group>";
		};
		AF81F2462C238DEB00E35765 /* ItauChallengeTests */ = {
			isa = PBXGroup;
			children = (
				AF70C8192C25C8C700BA54EC /* ReceiptDetail */,
				AF70C8182C25C8AD00BA54EC /* ReceiptList */,
			);
			path = ItauChallengeTests;
			sourceTree = "<group>";
		};
		AF81F2502C238DEB00E35765 /* ItauChallengeUITests */ = {
			isa = PBXGroup;
			children = (
				AF81F2512C238DEB00E35765 /* ItauChallengeUITests.swift */,
				AF81F2532C238DEB00E35765 /* ItauChallengeUITestsLaunchTests.swift */,
			);
			path = ItauChallengeUITests;
			sourceTree = "<group>";
		};
		AF81F2622C238E7300E35765 /* Scene */ = {
			isa = PBXGroup;
			children = (
				AF81F2652C238EBB00E35765 /* Receipt */,
			);
			path = Scene;
			sourceTree = "<group>";
		};
		AF81F2632C238E7700E35765 /* ReceiptList */ = {
			isa = PBXGroup;
			children = (
				AF3DFA4C2C2396B3009D903C /* Cell */,
				AF3DFA2E2C238FF6009D903C /* ReceiptListPresenter.swift */,
				AF3DFA2F2C238FF6009D903C /* ReceiptListWorker.swift */,
				AF3DFA302C238FF6009D903C /* ReceiptListRouter.swift */,
				AF3DFA312C238FF6009D903C /* ReceiptListModels.swift */,
				AF3DFA322C238FF6009D903C /* ReceiptListViewController.swift */,
				AF3DFA332C238FF6009D903C /* ReceiptListInteractor.swift */,
				AF3DFA4A2C23951C009D903C /* ReceiptListView.swift */,
			);
			path = ReceiptList;
			sourceTree = "<group>";
		};
		AF81F2642C238E8F00E35765 /* ReceiptDetail */ = {
			isa = PBXGroup;
			children = (
				AF3DFA3A2C239004009D903C /* ReceiptDetailPresenter.swift */,
				AF3DFA3D2C239004009D903C /* ReceiptDetailModels.swift */,
				AF3DFA3E2C239004009D903C /* ReceiptDetailViewController.swift */,
				AF70C8482C25FD0200BA54EC /* ReceiptDetailRouter.swift */,
				AF3DFA3F2C239004009D903C /* ReceiptDetailInteractor.swift */,
				AF70C7FA2C24E1A100BA54EC /* ReceiptDetailView.swift */,
			);
			path = ReceiptDetail;
			sourceTree = "<group>";
		};
		AF81F2652C238EBB00E35765 /* Receipt */ = {
			isa = PBXGroup;
			children = (
				AF81F2642C238E8F00E35765 /* ReceiptDetail */,
				AF81F2632C238E7700E35765 /* ReceiptList */,
			);
			path = Receipt;
			sourceTree = "<group>";
		};
/* End PBXGroup section */

/* Begin PBXNativeTarget section */
		AF81F22C2C238DEA00E35765 /* ItauChallenge */ = {
			isa = PBXNativeTarget;
			buildConfigurationList = AF81F2572C238DEB00E35765 /* Build configuration list for PBXNativeTarget "ItauChallenge" */;
			buildPhases = (
				AF81F2292C238DEA00E35765 /* Sources */,
				AF81F22A2C238DEA00E35765 /* Frameworks */,
				AF81F22B2C238DEA00E35765 /* Resources */,
			);
			buildRules = (
			);
			dependencies = (
			);
			name = ItauChallenge;
			productName = ItauChallenge;
			productReference = AF81F22D2C238DEA00E35765 /* ItauChallenge.app */;
			productType = "com.apple.product-type.application";
		};
		AF81F2422C238DEB00E35765 /* ItauChallengeTests */ = {
			isa = PBXNativeTarget;
			buildConfigurationList = AF81F25A2C238DEB00E35765 /* Build configuration list for PBXNativeTarget "ItauChallengeTests" */;
			buildPhases = (
				AF81F23F2C238DEB00E35765 /* Sources */,
				AF81F2402C238DEB00E35765 /* Frameworks */,
				AF81F2412C238DEB00E35765 /* Resources */,
			);
			buildRules = (
			);
			dependencies = (
				AF81F2452C238DEB00E35765 /* PBXTargetDependency */,
			);
			name = ItauChallengeTests;
			productName = ItauChallengeTests;
			productReference = AF81F2432C238DEB00E35765 /* ItauChallengeTests.xctest */;
			productType = "com.apple.product-type.bundle.unit-test";
		};
		AF81F24C2C238DEB00E35765 /* ItauChallengeUITests */ = {
			isa = PBXNativeTarget;
			buildConfigurationList = AF81F25D2C238DEB00E35765 /* Build configuration list for PBXNativeTarget "ItauChallengeUITests" */;
			buildPhases = (
				AF81F2492C238DEB00E35765 /* Sources */,
				AF81F24A2C238DEB00E35765 /* Frameworks */,
				AF81F24B2C238DEB00E35765 /* Resources */,
			);
			buildRules = (
			);
			dependencies = (
				AF81F24F2C238DEB00E35765 /* PBXTargetDependency */,
			);
			name = ItauChallengeUITests;
			productName = ItauChallengeUITests;
			productReference = AF81F24D2C238DEB00E35765 /* ItauChallengeUITests.xctest */;
			productType = "com.apple.product-type.bundle.ui-testing";
		};
/* End PBXNativeTarget section */

/* Begin PBXProject section */
		AF81F2252C238DEA00E35765 /* Project object */ = {
			isa = PBXProject;
			attributes = {
				BuildIndependentTargetsInParallel = 1;
				LastSwiftUpdateCheck = 1520;
				LastUpgradeCheck = 1520;
				TargetAttributes = {
					AF81F22C2C238DEA00E35765 = {
						CreatedOnToolsVersion = 15.2;
					};
					AF81F2422C238DEB00E35765 = {
						CreatedOnToolsVersion = 15.2;
						TestTargetID = AF81F22C2C238DEA00E35765;
					};
					AF81F24C2C238DEB00E35765 = {
						CreatedOnToolsVersion = 15.2;
						TestTargetID = AF81F22C2C238DEA00E35765;
					};
				};
			};
			buildConfigurationList = AF81F2282C238DEA00E35765 /* Build configuration list for PBXProject "ItauChallenge" */;
			compatibilityVersion = "Xcode 14.0";
			developmentRegion = en;
			hasScannedForEncodings = 0;
			knownRegions = (
				en,
				Base,
			);
			mainGroup = AF81F2242C238DEA00E35765;
			productRefGroup = AF81F22E2C238DEA00E35765 /* Products */;
			projectDirPath = "";
			projectRoot = "";
			targets = (
				AF81F22C2C238DEA00E35765 /* ItauChallenge */,
				AF81F2422C238DEB00E35765 /* ItauChallengeTests */,
				AF81F24C2C238DEB00E35765 /* ItauChallengeUITests */,
			);
		};
/* End PBXProject section */

/* Begin PBXResourcesBuildPhase section */
		AF81F22B2C238DEA00E35765 /* Resources */ = {
			isa = PBXResourcesBuildPhase;
			buildActionMask = 2147483647;
			files = (
				AF81F23D2C238DEA00E35765 /* LaunchScreen.storyboard in Resources */,
				AF70C8022C25271A00BA54EC /* Localizable.strings in Resources */,
				AF81F23A2C238DEA00E35765 /* Assets.xcassets in Resources */,
				AF70C7F92C24CF8F00BA54EC /* comprovantes.json in Resources */,
			);
			runOnlyForDeploymentPostprocessing = 0;
		};
		AF81F2412C238DEB00E35765 /* Resources */ = {
			isa = PBXResourcesBuildPhase;
			buildActionMask = 2147483647;
			files = (
			);
			runOnlyForDeploymentPostprocessing = 0;
		};
		AF81F24B2C238DEB00E35765 /* Resources */ = {
			isa = PBXResourcesBuildPhase;
			buildActionMask = 2147483647;
			files = (
			);
			runOnlyForDeploymentPostprocessing = 0;
		};
/* End PBXResourcesBuildPhase section */

/* Begin PBXSourcesBuildPhase section */
		AF81F2292C238DEA00E35765 /* Sources */ = {
			isa = PBXSourcesBuildPhase;
			buildActionMask = 2147483647;
			files = (
				AF3DFA442C239004009D903C /* ReceiptDetailViewController.swift in Sources */,
				AF3DFA372C238FF6009D903C /* ReceiptListModels.swift in Sources */,
				AF70C7F42C24B69900BA54EC /* ReceiptEntity.swift in Sources */,
				AF70C7FB2C24E1A100BA54EC /* ReceiptDetailView.swift in Sources */,
				AF3DFA382C238FF6009D903C /* ReceiptListViewController.swift in Sources */,
				AF3DFA352C238FF6009D903C /* ReceiptListWorker.swift in Sources */,
				AF3DFA392C238FF6009D903C /* ReceiptListInteractor.swift in Sources */,
				AF3DFA342C238FF6009D903C /* ReceiptListPresenter.swift in Sources */,
				AF3DFA402C239004009D903C /* ReceiptDetailPresenter.swift in Sources */,
				AF70C80C2C25B17000BA54EC /* Padding.swift in Sources */,
				AF3DFA4B2C23951C009D903C /* ReceiptListView.swift in Sources */,
				AF81F2312C238DEA00E35765 /* AppDelegate.swift in Sources */,
				AF3DFA452C239004009D903C /* ReceiptDetailInteractor.swift in Sources */,
				AF3DFA432C239004009D903C /* ReceiptDetailModels.swift in Sources */,
				AF70C8492C25FD0200BA54EC /* ReceiptDetailRouter.swift in Sources */,
				AF3DFA4E2C2396E9009D903C /* ReceiptCellTableViewCell.swift in Sources */,
				AF70C8062C25AD0D00BA54EC /* LocalizableStrings.swift in Sources */,
				AF81F2332C238DEA00E35765 /* SceneDelegate.swift in Sources */,
				AF3DFA362C238FF6009D903C /* ReceiptListRouter.swift in Sources */,
				AF70C7F62C24B6B400BA54EC /* Pagination.swift in Sources */,
				AF3DFA492C2394EA009D903C /* ViewCode.swift in Sources */,
			);
			runOnlyForDeploymentPostprocessing = 0;
		};
		AF81F23F2C238DEB00E35765 /* Sources */ = {
			isa = PBXSourcesBuildPhase;
			buildActionMask = 2147483647;
			files = (
				AF70C8172C25C70100BA54EC /* ReceiptListInteractorSpy.swift in Sources */,
				AF70C83F2C25FAD500BA54EC /* ReceiptDetailPresenterSpy.swift in Sources */,
				AF70C84F2C26000200BA54EC /* ReceiptDetailInteractorTests.swift in Sources */,
				AF70C8332C25DB8400BA54EC /* ReceiptListViewControllerSpy.swift in Sources */,
				AF70C8382C25E59200BA54EC /* ReceiptListInteractorTests.swift in Sources */,
				AF70C8472C25FB0000BA54EC /* ReceiptDetailViewControllerSpy.swift in Sources */,
				AF70C8112C25C1F400BA54EC /* ReceiptListWorkerSpy.swift in Sources */,
				AF70C8152C25C49400BA54EC /* ReceiptListRouterSpy.swift in Sources */,
				AF70C8132C25C31000BA54EC /* ReceiptListPresenterSpy.swift in Sources */,
				AF70C8512C26079500BA54EC /* ReceiptDetailViewSpy.swift in Sources */,
				AF70C84B2C25FFE700BA54EC /* ReceiptDetailViewControllerTests.swift in Sources */,
				AF70C83C2C25F53E00BA54EC /* NavigationControllerSpy.swift in Sources */,
				AF70C81B2C25C99E00BA54EC /* ReceiptListViewControllerTests.swift in Sources */,
				AF70C84D2C25FFF900BA54EC /* ReceiptDetailPresenterTests.swift in Sources */,
				AF70C83A2C25EE3B00BA54EC /* ReceiptListRouterTests.swift in Sources */,
				AF70C8452C25FAF100BA54EC /* ReceiptDetailInteractorSpy.swift in Sources */,
				AF70C81D2C25D3E500BA54EC /* ReceiptListPresenterTests.swift in Sources */,
			);
			runOnlyForDeploymentPostprocessing = 0;
		};
		AF81F2492C238DEB00E35765 /* Sources */ = {
			isa = PBXSourcesBuildPhase;
			buildActionMask = 2147483647;
			files = (
				AF81F2522C238DEB00E35765 /* ItauChallengeUITests.swift in Sources */,
				AF81F2542C238DEB00E35765 /* ItauChallengeUITestsLaunchTests.swift in Sources */,
			);
			runOnlyForDeploymentPostprocessing = 0;
		};
/* End PBXSourcesBuildPhase section */

/* Begin PBXTargetDependency section */
		AF81F2452C238DEB00E35765 /* PBXTargetDependency */ = {
			isa = PBXTargetDependency;
			target = AF81F22C2C238DEA00E35765 /* ItauChallenge */;
			targetProxy = AF81F2442C238DEB00E35765 /* PBXContainerItemProxy */;
		};
		AF81F24F2C238DEB00E35765 /* PBXTargetDependency */ = {
			isa = PBXTargetDependency;
			target = AF81F22C2C238DEA00E35765 /* ItauChallenge */;
			targetProxy = AF81F24E2C238DEB00E35765 /* PBXContainerItemProxy */;
		};
/* End PBXTargetDependency section */

/* Begin PBXVariantGroup section */
		AF81F23B2C238DEA00E35765 /* LaunchScreen.storyboard */ = {
			isa = PBXVariantGroup;
			children = (
				AF81F23C2C238DEA00E35765 /* Base */,
			);
			name = LaunchScreen.storyboard;
			sourceTree = "<group>";
		};
/* End PBXVariantGroup section */

/* Begin XCBuildConfiguration section */
		AF81F2552C238DEB00E35765 /* Debug */ = {
			isa = XCBuildConfiguration;
			buildSettings = {
				ALWAYS_SEARCH_USER_PATHS = NO;
				ASSETCATALOG_COMPILER_GENERATE_SWIFT_ASSET_SYMBOL_EXTENSIONS = YES;
				CLANG_ANALYZER_NONNULL = YES;
				CLANG_ANALYZER_NUMBER_OBJECT_CONVERSION = YES_AGGRESSIVE;
				CLANG_CXX_LANGUAGE_STANDARD = "gnu++20";
				CLANG_ENABLE_MODULES = YES;
				CLANG_ENABLE_OBJC_ARC = YES;
				CLANG_ENABLE_OBJC_WEAK = YES;
				CLANG_WARN_BLOCK_CAPTURE_AUTORELEASING = YES;
				CLANG_WARN_BOOL_CONVERSION = YES;
				CLANG_WARN_COMMA = YES;
				CLANG_WARN_CONSTANT_CONVERSION = YES;
				CLANG_WARN_DEPRECATED_OBJC_IMPLEMENTATIONS = YES;
				CLANG_WARN_DIRECT_OBJC_ISA_USAGE = YES_ERROR;
				CLANG_WARN_DOCUMENTATION_COMMENTS = YES;
				CLANG_WARN_EMPTY_BODY = YES;
				CLANG_WARN_ENUM_CONVERSION = YES;
				CLANG_WARN_INFINITE_RECURSION = YES;
				CLANG_WARN_INT_CONVERSION = YES;
				CLANG_WARN_NON_LITERAL_NULL_CONVERSION = YES;
				CLANG_WARN_OBJC_IMPLICIT_RETAIN_SELF = YES;
				CLANG_WARN_OBJC_LITERAL_CONVERSION = YES;
				CLANG_WARN_OBJC_ROOT_CLASS = YES_ERROR;
				CLANG_WARN_QUOTED_INCLUDE_IN_FRAMEWORK_HEADER = YES;
				CLANG_WARN_RANGE_LOOP_ANALYSIS = YES;
				CLANG_WARN_STRICT_PROTOTYPES = YES;
				CLANG_WARN_SUSPICIOUS_MOVE = YES;
				CLANG_WARN_UNGUARDED_AVAILABILITY = YES_AGGRESSIVE;
				CLANG_WARN_UNREACHABLE_CODE = YES;
				CLANG_WARN__DUPLICATE_METHOD_MATCH = YES;
				COPY_PHASE_STRIP = NO;
				DEBUG_INFORMATION_FORMAT = dwarf;
				ENABLE_STRICT_OBJC_MSGSEND = YES;
				ENABLE_TESTABILITY = YES;
				ENABLE_USER_SCRIPT_SANDBOXING = YES;
				GCC_C_LANGUAGE_STANDARD = gnu17;
				GCC_DYNAMIC_NO_PIC = NO;
				GCC_NO_COMMON_BLOCKS = YES;
				GCC_OPTIMIZATION_LEVEL = 0;
				GCC_PREPROCESSOR_DEFINITIONS = (
					"DEBUG=1",
					"$(inherited)",
				);
				GCC_WARN_64_TO_32_BIT_CONVERSION = YES;
				GCC_WARN_ABOUT_RETURN_TYPE = YES_ERROR;
				GCC_WARN_UNDECLARED_SELECTOR = YES;
				GCC_WARN_UNINITIALIZED_AUTOS = YES_AGGRESSIVE;
				GCC_WARN_UNUSED_FUNCTION = YES;
				GCC_WARN_UNUSED_VARIABLE = YES;
				IPHONEOS_DEPLOYMENT_TARGET = 17.2;
				LOCALIZATION_PREFERS_STRING_CATALOGS = YES;
				MTL_ENABLE_DEBUG_INFO = INCLUDE_SOURCE;
				MTL_FAST_MATH = YES;
				ONLY_ACTIVE_ARCH = YES;
				SDKROOT = iphoneos;
				SWIFT_ACTIVE_COMPILATION_CONDITIONS = "DEBUG $(inherited)";
				SWIFT_OPTIMIZATION_LEVEL = "-Onone";
			};
			name = Debug;
		};
		AF81F2562C238DEB00E35765 /* Release */ = {
			isa = XCBuildConfiguration;
			buildSettings = {
				ALWAYS_SEARCH_USER_PATHS = NO;
				ASSETCATALOG_COMPILER_GENERATE_SWIFT_ASSET_SYMBOL_EXTENSIONS = YES;
				CLANG_ANALYZER_NONNULL = YES;
				CLANG_ANALYZER_NUMBER_OBJECT_CONVERSION = YES_AGGRESSIVE;
				CLANG_CXX_LANGUAGE_STANDARD = "gnu++20";
				CLANG_ENABLE_MODULES = YES;
				CLANG_ENABLE_OBJC_ARC = YES;
				CLANG_ENABLE_OBJC_WEAK = YES;
				CLANG_WARN_BLOCK_CAPTURE_AUTORELEASING = YES;
				CLANG_WARN_BOOL_CONVERSION = YES;
				CLANG_WARN_COMMA = YES;
				CLANG_WARN_CONSTANT_CONVERSION = YES;
				CLANG_WARN_DEPRECATED_OBJC_IMPLEMENTATIONS = YES;
				CLANG_WARN_DIRECT_OBJC_ISA_USAGE = YES_ERROR;
				CLANG_WARN_DOCUMENTATION_COMMENTS = YES;
				CLANG_WARN_EMPTY_BODY = YES;
				CLANG_WARN_ENUM_CONVERSION = YES;
				CLANG_WARN_INFINITE_RECURSION = YES;
				CLANG_WARN_INT_CONVERSION = YES;
				CLANG_WARN_NON_LITERAL_NULL_CONVERSION = YES;
				CLANG_WARN_OBJC_IMPLICIT_RETAIN_SELF = YES;
				CLANG_WARN_OBJC_LITERAL_CONVERSION = YES;
				CLANG_WARN_OBJC_ROOT_CLASS = YES_ERROR;
				CLANG_WARN_QUOTED_INCLUDE_IN_FRAMEWORK_HEADER = YES;
				CLANG_WARN_RANGE_LOOP_ANALYSIS = YES;
				CLANG_WARN_STRICT_PROTOTYPES = YES;
				CLANG_WARN_SUSPICIOUS_MOVE = YES;
				CLANG_WARN_UNGUARDED_AVAILABILITY = YES_AGGRESSIVE;
				CLANG_WARN_UNREACHABLE_CODE = YES;
				CLANG_WARN__DUPLICATE_METHOD_MATCH = YES;
				COPY_PHASE_STRIP = NO;
				DEBUG_INFORMATION_FORMAT = "dwarf-with-dsym";
				ENABLE_NS_ASSERTIONS = NO;
				ENABLE_STRICT_OBJC_MSGSEND = YES;
				ENABLE_USER_SCRIPT_SANDBOXING = YES;
				GCC_C_LANGUAGE_STANDARD = gnu17;
				GCC_NO_COMMON_BLOCKS = YES;
				GCC_WARN_64_TO_32_BIT_CONVERSION = YES;
				GCC_WARN_ABOUT_RETURN_TYPE = YES_ERROR;
				GCC_WARN_UNDECLARED_SELECTOR = YES;
				GCC_WARN_UNINITIALIZED_AUTOS = YES_AGGRESSIVE;
				GCC_WARN_UNUSED_FUNCTION = YES;
				GCC_WARN_UNUSED_VARIABLE = YES;
				IPHONEOS_DEPLOYMENT_TARGET = 17.2;
				LOCALIZATION_PREFERS_STRING_CATALOGS = YES;
				MTL_ENABLE_DEBUG_INFO = NO;
				MTL_FAST_MATH = YES;
				SDKROOT = iphoneos;
				SWIFT_COMPILATION_MODE = wholemodule;
				VALIDATE_PRODUCT = YES;
			};
			name = Release;
		};
		AF81F2582C238DEB00E35765 /* Debug */ = {
			isa = XCBuildConfiguration;
			buildSettings = {
				ASSETCATALOG_COMPILER_APPICON_NAME = AppIcon;
				ASSETCATALOG_COMPILER_GLOBAL_ACCENT_COLOR_NAME = AccentColor;
				CODE_SIGN_STYLE = Automatic;
				CURRENT_PROJECT_VERSION = 1;
				GENERATE_INFOPLIST_FILE = YES;
				INFOPLIST_FILE = ItauChallenge/Info.plist;
				INFOPLIST_KEY_UIApplicationSupportsIndirectInputEvents = YES;
				INFOPLIST_KEY_UILaunchStoryboardName = LaunchScreen;
				INFOPLIST_KEY_UISupportedInterfaceOrientations_iPad = "UIInterfaceOrientationPortrait UIInterfaceOrientationPortraitUpsideDown UIInterfaceOrientationLandscapeLeft UIInterfaceOrientationLandscapeRight";
				INFOPLIST_KEY_UISupportedInterfaceOrientations_iPhone = "UIInterfaceOrientationPortrait UIInterfaceOrientationLandscapeLeft UIInterfaceOrientationLandscapeRight";
				LD_RUNPATH_SEARCH_PATHS = (
					"$(inherited)",
					"@executable_path/Frameworks",
				);
				MARKETING_VERSION = 1.0;
				PRODUCT_BUNDLE_IDENTIFIER = com.challenge.ItauChallenge;
				PRODUCT_NAME = "$(TARGET_NAME)";
				SWIFT_EMIT_LOC_STRINGS = YES;
				SWIFT_VERSION = 5.0;
				TARGETED_DEVICE_FAMILY = "1,2";
			};
			name = Debug;
		};
		AF81F2592C238DEB00E35765 /* Release */ = {
			isa = XCBuildConfiguration;
			buildSettings = {
				ASSETCATALOG_COMPILER_APPICON_NAME = AppIcon;
				ASSETCATALOG_COMPILER_GLOBAL_ACCENT_COLOR_NAME = AccentColor;
				CODE_SIGN_STYLE = Automatic;
				CURRENT_PROJECT_VERSION = 1;
				GENERATE_INFOPLIST_FILE = YES;
				INFOPLIST_FILE = ItauChallenge/Info.plist;
				INFOPLIST_KEY_UIApplicationSupportsIndirectInputEvents = YES;
				INFOPLIST_KEY_UILaunchStoryboardName = LaunchScreen;
				INFOPLIST_KEY_UISupportedInterfaceOrientations_iPad = "UIInterfaceOrientationPortrait UIInterfaceOrientationPortraitUpsideDown UIInterfaceOrientationLandscapeLeft UIInterfaceOrientationLandscapeRight";
				INFOPLIST_KEY_UISupportedInterfaceOrientations_iPhone = "UIInterfaceOrientationPortrait UIInterfaceOrientationLandscapeLeft UIInterfaceOrientationLandscapeRight";
				LD_RUNPATH_SEARCH_PATHS = (
					"$(inherited)",
					"@executable_path/Frameworks",
				);
				MARKETING_VERSION = 1.0;
				PRODUCT_BUNDLE_IDENTIFIER = com.challenge.ItauChallenge;
				PRODUCT_NAME = "$(TARGET_NAME)";
				SWIFT_EMIT_LOC_STRINGS = YES;
				SWIFT_VERSION = 5.0;
				TARGETED_DEVICE_FAMILY = "1,2";
			};
			name = Release;
		};
		AF81F25B2C238DEB00E35765 /* Debug */ = {
			isa = XCBuildConfiguration;
			buildSettings = {
				ALWAYS_EMBED_SWIFT_STANDARD_LIBRARIES = YES;
				BUNDLE_LOADER = "$(TEST_HOST)";
				CODE_SIGN_STYLE = Automatic;
				CURRENT_PROJECT_VERSION = 1;
				GENERATE_INFOPLIST_FILE = YES;
				IPHONEOS_DEPLOYMENT_TARGET = 17.2;
				MARKETING_VERSION = 1.0;
				PRODUCT_BUNDLE_IDENTIFIER = com.challenge.ItauChallengeTests;
				PRODUCT_NAME = "$(TARGET_NAME)";
				SWIFT_EMIT_LOC_STRINGS = NO;
				SWIFT_VERSION = 5.0;
				TARGETED_DEVICE_FAMILY = "1,2";
				TEST_HOST = "$(BUILT_PRODUCTS_DIR)/ItauChallenge.app/$(BUNDLE_EXECUTABLE_FOLDER_PATH)/ItauChallenge";
			};
			name = Debug;
		};
		AF81F25C2C238DEB00E35765 /* Release */ = {
			isa = XCBuildConfiguration;
			buildSettings = {
				ALWAYS_EMBED_SWIFT_STANDARD_LIBRARIES = YES;
				BUNDLE_LOADER = "$(TEST_HOST)";
				CODE_SIGN_STYLE = Automatic;
				CURRENT_PROJECT_VERSION = 1;
				GENERATE_INFOPLIST_FILE = YES;
				IPHONEOS_DEPLOYMENT_TARGET = 17.2;
				MARKETING_VERSION = 1.0;
				PRODUCT_BUNDLE_IDENTIFIER = com.challenge.ItauChallengeTests;
				PRODUCT_NAME = "$(TARGET_NAME)";
				SWIFT_EMIT_LOC_STRINGS = NO;
				SWIFT_VERSION = 5.0;
				TARGETED_DEVICE_FAMILY = "1,2";
				TEST_HOST = "$(BUILT_PRODUCTS_DIR)/ItauChallenge.app/$(BUNDLE_EXECUTABLE_FOLDER_PATH)/ItauChallenge";
			};
			name = Release;
		};
		AF81F25E2C238DEB00E35765 /* Debug */ = {
			isa = XCBuildConfiguration;
			buildSettings = {
				ALWAYS_EMBED_SWIFT_STANDARD_LIBRARIES = YES;
				CODE_SIGN_STYLE = Automatic;
				CURRENT_PROJECT_VERSION = 1;
				GENERATE_INFOPLIST_FILE = YES;
				MARKETING_VERSION = 1.0;
				PRODUCT_BUNDLE_IDENTIFIER = com.challenge.ItauChallengeUITests;
				PRODUCT_NAME = "$(TARGET_NAME)";
				SWIFT_EMIT_LOC_STRINGS = NO;
				SWIFT_VERSION = 5.0;
				TARGETED_DEVICE_FAMILY = "1,2";
				TEST_TARGET_NAME = ItauChallenge;
			};
			name = Debug;
		};
		AF81F25F2C238DEB00E35765 /* Release */ = {
			isa = XCBuildConfiguration;
			buildSettings = {
				ALWAYS_EMBED_SWIFT_STANDARD_LIBRARIES = YES;
				CODE_SIGN_STYLE = Automatic;
				CURRENT_PROJECT_VERSION = 1;
				GENERATE_INFOPLIST_FILE = YES;
				MARKETING_VERSION = 1.0;
				PRODUCT_BUNDLE_IDENTIFIER = com.challenge.ItauChallengeUITests;
				PRODUCT_NAME = "$(TARGET_NAME)";
				SWIFT_EMIT_LOC_STRINGS = NO;
				SWIFT_VERSION = 5.0;
				TARGETED_DEVICE_FAMILY = "1,2";
				TEST_TARGET_NAME = ItauChallenge;
			};
			name = Release;
		};
/* End XCBuildConfiguration section */

/* Begin XCConfigurationList section */
		AF81F2282C238DEA00E35765 /* Build configuration list for PBXProject "ItauChallenge" */ = {
			isa = XCConfigurationList;
			buildConfigurations = (
				AF81F2552C238DEB00E35765 /* Debug */,
				AF81F2562C238DEB00E35765 /* Release */,
			);
			defaultConfigurationIsVisible = 0;
			defaultConfigurationName = Release;
		};
		AF81F2572C238DEB00E35765 /* Build configuration list for PBXNativeTarget "ItauChallenge" */ = {
			isa = XCConfigurationList;
			buildConfigurations = (
				AF81F2582C238DEB00E35765 /* Debug */,
				AF81F2592C238DEB00E35765 /* Release */,
			);
			defaultConfigurationIsVisible = 0;
			defaultConfigurationName = Release;
		};
		AF81F25A2C238DEB00E35765 /* Build configuration list for PBXNativeTarget "ItauChallengeTests" */ = {
			isa = XCConfigurationList;
			buildConfigurations = (
				AF81F25B2C238DEB00E35765 /* Debug */,
				AF81F25C2C238DEB00E35765 /* Release */,
			);
			defaultConfigurationIsVisible = 0;
			defaultConfigurationName = Release;
		};
		AF81F25D2C238DEB00E35765 /* Build configuration list for PBXNativeTarget "ItauChallengeUITests" */ = {
			isa = XCConfigurationList;
			buildConfigurations = (
				AF81F25E2C238DEB00E35765 /* Debug */,
				AF81F25F2C238DEB00E35765 /* Release */,
			);
			defaultConfigurationIsVisible = 0;
			defaultConfigurationName = Release;
		};
/* End XCConfigurationList section */
	};
	rootObject = AF81F2252C238DEA00E35765 /* Project object */;
}
